
Microsoft Visual Studio Solution File, Format Version 12.00
# Visual Studio Version 17
VisualStudioVersion = 17.6.33712.159
MinimumVisualStudioVersion = 10.0.40219.1
Project("{9A19103F-16F7-4668-BE54-9A1E7A4F7556}") = "AspNetCore.DataProtection.CustomStorage", "AspNetCore.DataProtection.CustomStorage\AspNetCore.DataProtection.CustomStorage.csproj", "{EBDCF592-6A76-495F-B67E-D45D3F628A24}"
EndProject
Project("{9A19103F-16F7-4668-BE54-9A1E7A4F7556}") = "AspNetCore.DataProtection.CustomStorage.Dapper", "AspNetCore.DataProtection.CustomStorage.Dapper\AspNetCore.DataProtection.CustomStorage.Dapper.csproj", "{68F314E4-5096-4EC5-BA5D-16717BB3156A}"
EndProject
Project("{2150E333-8FDC-42A3-9474-1A3956D46DE8}") = "build", "build", "{8658EF6B-C5AE-49AC-A7E4-7185005C95D9}"
	ProjectSection(SolutionItems) = preProject
		Directory.Build.props = Directory.Build.props
		Directory.Build.targets = Directory.Build.targets
	EndProjectSection
EndProject
Project("{2150E333-8FDC-42A3-9474-1A3956D46DE8}") = "SolutionItems", "SolutionItems", "{54236874-4D1E-4E0E-9333-892919EC293F}"
	ProjectSection(SolutionItems) = preProject
		LICENSE = LICENSE
		NuGet.Config = NuGet.Config
		README.md = README.md
	EndProjectSection
EndProject
Global
	GlobalSection(SolutionConfigurationPlatforms) = preSolution
		Debug|Any CPU = Debug|Any CPU
		Release|Any CPU = Release|Any CPU
	EndGlobalSection
	GlobalSection(ProjectConfigurationPlatforms) = postSolution
		{EBDCF592-6A76-495F-B67E-D45D3F628A24}.Debug|Any CPU.ActiveCfg = Debug|Any CPU
		{EBDCF592-6A76-495F-B67E-D45D3F628A24}.Debug|Any CPU.Build.0 = Debug|Any CPU
		{EBDCF592-6A76-495F-B67E-D45D3F628A24}.Release|Any CPU.ActiveCfg = Release|Any CPU
		{EBDCF592-6A76-495F-B67E-D45D3F628A24}.Release|Any CPU.Build.0 = Release|Any CPU
		{68F314E4-5096-4EC5-BA5D-16717BB3156A}.Debug|Any CPU.ActiveCfg = Debug|Any CPU
		{68F314E4-5096-4EC5-BA5D-16717BB3156A}.Debug|Any CPU.Build.0 = Debug|Any CPU
		{68F314E4-5096-4EC5-BA5D-16717BB3156A}.Release|Any CPU.ActiveCfg = Release|Any CPU
		{68F314E4-5096-4EC5-BA5D-16717BB3156A}.Release|Any CPU.Build.0 = Release|Any CPU
	EndGlobalSection
	GlobalSection(SolutionProperties) = preSolution
		HideSolutionNode = FALSE
	EndGlobalSection
	GlobalSection(ExtensibilityGlobals) = postSolution
		SolutionGuid = {E3E547D3-0100-4B9B-A3F5-E99222944FFC}
	EndGlobalSection
EndGlobal
